
Microsoft Visual Studio Solution File, Format Version 11.00
# Visual C++ Express 2010
Project("{8BC9CEB8-8B4A-11D0-8D11-00A0C91BC942}") = "RockPaperScissors", "RockPaperScissors\RockPaperScissors.vcxproj", "{F310FBD4-BE5A-4A6C-BABD-CC9D02CB81F3}"
EndProject
Global
	GlobalSection(SolutionConfigurationPlatforms) = preSolution
		Debug|Win32 = Debug|Win32
		Release|Win32 = Release|Win32
	EndGlobalSection
	GlobalSection(ProjectConfigurationPlatforms) = postSolution
		{F310FBD4-BE5A-4A6C-BABD-CC9D02CB81F3}.Debug|Win32.ActiveCfg = Debug|Win32
		{F310FBD4-BE5A-4A6C-BABD-CC9D02CB81F3}.Debug|Win32.Build.0 = Debug|Win32
		{F310FBD4-BE5A-4A6C-BABD-CC9D02CB81F3}.Release|Win32.ActiveCfg = Release|Win32
		{F310FBD4-BE5A-4A6C-BABD-CC9D02CB81F3}.Release|Win32.Build.0 = Release|Win32
	EndGlobalSection
	GlobalSection(SolutionProperties) = preSolution
		HideSolutionNode = FALSE
	EndGlobalSection
EndGlobal
